
Microsoft Visual Studio Solution File, Format Version 12.00
# Visual Studio Version 16
VisualStudioVersion = 16.0.31005.135
MinimumVisualStudioVersion = 10.0.40219.1
Project("{FAE04EC0-301F-11D3-BF4B-00C04F79EFBC}") = "MODOS", "MODOS.csproj", "{B1C24643-6772-4A30-A0D1-469F1E363F65}"
EndProject
Global
	GlobalSection(SolutionConfigurationPlatforms) = preSolution
		Debug|Any CPU = Debug|Any CPU
		Release|Any CPU = Release|Any CPU
	EndGlobalSection
	GlobalSection(ProjectConfigurationPlatforms) = postSolution
		{B1C24643-6772-4A30-A0D1-469F1E363F65}.Debug|Any CPU.ActiveCfg = Debug|Any CPU
		{B1C24643-6772-4A30-A0D1-469F1E363F65}.Debug|Any CPU.Build.0 = Debug|Any CPU
		{B1C24643-6772-4A30-A0D1-469F1E363F65}.Release|Any CPU.ActiveCfg = Release|Any CPU
		{B1C24643-6772-4A30-A0D1-469F1E363F65}.Release|Any CPU.Build.0 = Release|Any CPU
	EndGlobalSection
	GlobalSection(SolutionProperties) = preSolution
		HideSolutionNode = FALSE
	EndGlobalSection
	GlobalSection(ExtensibilityGlobals) = postSolution
		SolutionGuid = {B2F0C7EA-D7B4-4D77-97A2-98D7E4FD19C1}
	EndGlobalSection
EndGlobal
